
Microsoft Visual Studio Solution File, Format Version 12.00
# Visual Studio 15
VisualStudioVersion = 15.0.28306.52
MinimumVisualStudioVersion = 10.0.40219.1
Project("{9A19103F-16F7-4668-BE54-9A1E7A4F7556}") = "Vwm.RTree.Api", "Vwm.RTree.Api\Vwm.RTree.Api.csproj", "{8DFEBE33-F276-425B-A0E7-51EF38875642}"
EndProject
Project("{9A19103F-16F7-4668-BE54-9A1E7A4F7556}") = "Vwm.RTree", "Vwm.RTree\Vwm.RTree.csproj", "{367EBB48-B524-4E92-AF82-49CF7CF3DA55}"
EndProject
Project("{FAE04EC0-301F-11D3-BF4B-00C04F79EFBC}") = "RTreeTester", "RTreeTester\RTreeTester.csproj", "{03D301DE-6CEB-44F9-AC41-0AD4E5B41271}"
EndProject
Global
	GlobalSection(SolutionConfigurationPlatforms) = preSolution
		Debug|Any CPU = Debug|Any CPU
		Release|Any CPU = Release|Any CPU
	EndGlobalSection
	GlobalSection(ProjectConfigurationPlatforms) = postSolution
		{8DFEBE33-F276-425B-A0E7-51EF38875642}.Debug|Any CPU.ActiveCfg = Debug|Any CPU
		{8DFEBE33-F276-425B-A0E7-51EF38875642}.Debug|Any CPU.Build.0 = Debug|Any CPU
		{8DFEBE33-F276-425B-A0E7-51EF38875642}.Release|Any CPU.ActiveCfg = Release|Any CPU
		{8DFEBE33-F276-425B-A0E7-51EF38875642}.Release|Any CPU.Build.0 = Release|Any CPU
		{367EBB48-B524-4E92-AF82-49CF7CF3DA55}.Debug|Any CPU.ActiveCfg = Debug|Any CPU
		{367EBB48-B524-4E92-AF82-49CF7CF3DA55}.Debug|Any CPU.Build.0 = Debug|Any CPU
		{367EBB48-B524-4E92-AF82-49CF7CF3DA55}.Release|Any CPU.ActiveCfg = Release|Any CPU
		{367EBB48-B524-4E92-AF82-49CF7CF3DA55}.Release|Any CPU.Build.0 = Release|Any CPU
		{03D301DE-6CEB-44F9-AC41-0AD4E5B41271}.Debug|Any CPU.ActiveCfg = Debug|Any CPU
		{03D301DE-6CEB-44F9-AC41-0AD4E5B41271}.Debug|Any CPU.Build.0 = Debug|Any CPU
		{03D301DE-6CEB-44F9-AC41-0AD4E5B41271}.Release|Any CPU.ActiveCfg = Release|Any CPU
		{03D301DE-6CEB-44F9-AC41-0AD4E5B41271}.Release|Any CPU.Build.0 = Release|Any CPU
	EndGlobalSection
	GlobalSection(SolutionProperties) = preSolution
		HideSolutionNode = FALSE
	EndGlobalSection
	GlobalSection(ExtensibilityGlobals) = postSolution
		SolutionGuid = {6C892FE7-67C6-4906-B019-612A93D76C18}
	EndGlobalSection
EndGlobal
